
Microsoft Visual Studio Solution File, Format Version 12.00
# Visual Studio 15
VisualStudioVersion = 15.0.28307.329
MinimumVisualStudioVersion = 10.0.40219.1
Project("{9A19103F-16F7-4668-BE54-9A1E7A4F7556}") = "BugManagerUI", "BugManagerUI\BugManagerUI.csproj", "{677F8A7D-CA54-4305-8ABF-3D65A7A50499}"
EndProject
Global
	GlobalSection(SolutionConfigurationPlatforms) = preSolution
		Debug|Any CPU = Debug|Any CPU
		Release|Any CPU = Release|Any CPU
	EndGlobalSection
	GlobalSection(ProjectConfigurationPlatforms) = postSolution
		{677F8A7D-CA54-4305-8ABF-3D65A7A50499}.Debug|Any CPU.ActiveCfg = Debug|Any CPU
		{677F8A7D-CA54-4305-8ABF-3D65A7A50499}.Debug|Any CPU.Build.0 = Debug|Any CPU
		{677F8A7D-CA54-4305-8ABF-3D65A7A50499}.Release|Any CPU.ActiveCfg = Release|Any CPU
		{677F8A7D-CA54-4305-8ABF-3D65A7A50499}.Release|Any CPU.Build.0 = Release|Any CPU
	EndGlobalSection
	GlobalSection(SolutionProperties) = preSolution
		HideSolutionNode = FALSE
	EndGlobalSection
	GlobalSection(ExtensibilityGlobals) = postSolution
		SolutionGuid = {8C3CDA5F-9A97-4F41-ABC7-D945C8D8B9B7}
	EndGlobalSection
EndGlobal
